
Microsoft Visual Studio Solution File, Format Version 12.00
# Visual Studio Version 16
VisualStudioVersion = 16.0.30114.105
MinimumVisualStudioVersion = 10.0.40219.1
Project("{FAE04EC0-301F-11D3-BF4B-00C04F79EFBC}") = "Application", "SchoolApi.Application\Application.csproj", "{FA1C1AE4-328B-4EEE-BD4E-109972089CA3}"
EndProject
Project("{FAE04EC0-301F-11D3-BF4B-00C04F79EFBC}") = "Domain", "SchoolApi.Domain\Domain.csproj", "{A2F85A67-7E89-4853-9643-602FC7273F16}"
EndProject
Project("{FAE04EC0-301F-11D3-BF4B-00C04F79EFBC}") = "Data", "SchoolApi.Data\Data.csproj", "{35190E64-5DCC-43A3-B3BF-16063BFF3FF2}"
EndProject
Project("{FAE04EC0-301F-11D3-BF4B-00C04F79EFBC}") = "CrossCutting", "SchoolApi.CrossCutting\CrossCutting.csproj", "{64DF1B85-8952-4014-A688-FA10836E12B5}"
EndProject
Project("{FAE04EC0-301F-11D3-BF4B-00C04F79EFBC}") = "Services", "SchoolApi.Services\Services.csproj", "{A5465369-A2AE-4B51-81D6-6B5A3928A949}"
EndProject
Global
	GlobalSection(SolutionConfigurationPlatforms) = preSolution
		Debug|Any CPU = Debug|Any CPU
		Debug|x64 = Debug|x64
		Debug|x86 = Debug|x86
		Release|Any CPU = Release|Any CPU
		Release|x64 = Release|x64
		Release|x86 = Release|x86
	EndGlobalSection
	GlobalSection(SolutionProperties) = preSolution
		HideSolutionNode = FALSE
	EndGlobalSection
	GlobalSection(ProjectConfigurationPlatforms) = postSolution
		{FA1C1AE4-328B-4EEE-BD4E-109972089CA3}.Debug|Any CPU.ActiveCfg = Debug|Any CPU
		{FA1C1AE4-328B-4EEE-BD4E-109972089CA3}.Debug|Any CPU.Build.0 = Debug|Any CPU
		{FA1C1AE4-328B-4EEE-BD4E-109972089CA3}.Debug|x64.ActiveCfg = Debug|Any CPU
		{FA1C1AE4-328B-4EEE-BD4E-109972089CA3}.Debug|x64.Build.0 = Debug|Any CPU
		{FA1C1AE4-328B-4EEE-BD4E-109972089CA3}.Debug|x86.ActiveCfg = Debug|Any CPU
		{FA1C1AE4-328B-4EEE-BD4E-109972089CA3}.Debug|x86.Build.0 = Debug|Any CPU
		{FA1C1AE4-328B-4EEE-BD4E-109972089CA3}.Release|Any CPU.ActiveCfg = Release|Any CPU
		{FA1C1AE4-328B-4EEE-BD4E-109972089CA3}.Release|Any CPU.Build.0 = Release|Any CPU
		{FA1C1AE4-328B-4EEE-BD4E-109972089CA3}.Release|x64.ActiveCfg = Release|Any CPU
		{FA1C1AE4-328B-4EEE-BD4E-109972089CA3}.Release|x64.Build.0 = Release|Any CPU
		{FA1C1AE4-328B-4EEE-BD4E-109972089CA3}.Release|x86.ActiveCfg = Release|Any CPU
		{FA1C1AE4-328B-4EEE-BD4E-109972089CA3}.Release|x86.Build.0 = Release|Any CPU
		{A2F85A67-7E89-4853-9643-602FC7273F16}.Debug|Any CPU.ActiveCfg = Debug|Any CPU
		{A2F85A67-7E89-4853-9643-602FC7273F16}.Debug|Any CPU.Build.0 = Debug|Any CPU
		{A2F85A67-7E89-4853-9643-602FC7273F16}.Debug|x64.ActiveCfg = Debug|Any CPU
		{A2F85A67-7E89-4853-9643-602FC7273F16}.Debug|x64.Build.0 = Debug|Any CPU
		{A2F85A67-7E89-4853-9643-602FC7273F16}.Debug|x86.ActiveCfg = Debug|Any CPU
		{A2F85A67-7E89-4853-9643-602FC7273F16}.Debug|x86.Build.0 = Debug|Any CPU
		{A2F85A67-7E89-4853-9643-602FC7273F16}.Release|Any CPU.ActiveCfg = Release|Any CPU
		{A2F85A67-7E89-4853-9643-602FC7273F16}.Release|Any CPU.Build.0 = Release|Any CPU
		{A2F85A67-7E89-4853-9643-602FC7273F16}.Release|x64.ActiveCfg = Release|Any CPU
		{A2F85A67-7E89-4853-9643-602FC7273F16}.Release|x64.Build.0 = Release|Any CPU
		{A2F85A67-7E89-4853-9643-602FC7273F16}.Release|x86.ActiveCfg = Release|Any CPU
		{A2F85A67-7E89-4853-9643-602FC7273F16}.Release|x86.Build.0 = Release|Any CPU
		{35190E64-5DCC-43A3-B3BF-16063BFF3FF2}.Debug|Any CPU.ActiveCfg = Debug|Any CPU
		{35190E64-5DCC-43A3-B3BF-16063BFF3FF2}.Debug|Any CPU.Build.0 = Debug|Any CPU
		{35190E64-5DCC-43A3-B3BF-16063BFF3FF2}.Debug|x64.ActiveCfg = Debug|Any CPU
		{35190E64-5DCC-43A3-B3BF-16063BFF3FF2}.Debug|x64.Build.0 = Debug|Any CPU
		{35190E64-5DCC-43A3-B3BF-16063BFF3FF2}.Debug|x86.ActiveCfg = Debug|Any CPU
		{35190E64-5DCC-43A3-B3BF-16063BFF3FF2}.Debug|x86.Build.0 = Debug|Any CPU
		{35190E64-5DCC-43A3-B3BF-16063BFF3FF2}.Release|Any CPU.ActiveCfg = Release|Any CPU
		{35190E64-5DCC-43A3-B3BF-16063BFF3FF2}.Release|Any CPU.Build.0 = Release|Any CPU
		{35190E64-5DCC-43A3-B3BF-16063BFF3FF2}.Release|x64.ActiveCfg = Release|Any CPU
		{35190E64-5DCC-43A3-B3BF-16063BFF3FF2}.Release|x64.Build.0 = Release|Any CPU
		{35190E64-5DCC-43A3-B3BF-16063BFF3FF2}.Release|x86.ActiveCfg = Release|Any CPU
		{35190E64-5DCC-43A3-B3BF-16063BFF3FF2}.Release|x86.Build.0 = Release|Any CPU
		{64DF1B85-8952-4014-A688-FA10836E12B5}.Debug|Any CPU.ActiveCfg = Debug|Any CPU
		{64DF1B85-8952-4014-A688-FA10836E12B5}.Debug|Any CPU.Build.0 = Debug|Any CPU
		{64DF1B85-8952-4014-A688-FA10836E12B5}.Debug|x64.ActiveCfg = Debug|Any CPU
		{64DF1B85-8952-4014-A688-FA10836E12B5}.Debug|x64.Build.0 = Debug|Any CPU
		{64DF1B85-8952-4014-A688-FA10836E12B5}.Debug|x86.ActiveCfg = Debug|Any CPU
		{64DF1B85-8952-4014-A688-FA10836E12B5}.Debug|x86.Build.0 = Debug|Any CPU
		{64DF1B85-8952-4014-A688-FA10836E12B5}.Release|Any CPU.ActiveCfg = Release|Any CPU
		{64DF1B85-8952-4014-A688-FA10836E12B5}.Release|Any CPU.Build.0 = Release|Any CPU
		{64DF1B85-8952-4014-A688-FA10836E12B5}.Release|x64.ActiveCfg = Release|Any CPU
		{64DF1B85-8952-4014-A688-FA10836E12B5}.Release|x64.Build.0 = Release|Any CPU
		{64DF1B85-8952-4014-A688-FA10836E12B5}.Release|x86.ActiveCfg = Release|Any CPU
		{64DF1B85-8952-4014-A688-FA10836E12B5}.Release|x86.Build.0 = Release|Any CPU
		{A5465369-A2AE-4B51-81D6-6B5A3928A949}.Debug|Any CPU.ActiveCfg = Debug|Any CPU
		{A5465369-A2AE-4B51-81D6-6B5A3928A949}.Debug|Any CPU.Build.0 = Debug|Any CPU
		{A5465369-A2AE-4B51-81D6-6B5A3928A949}.Debug|x64.ActiveCfg = Debug|Any CPU
		{A5465369-A2AE-4B51-81D6-6B5A3928A949}.Debug|x64.Build.0 = Debug|Any CPU
		{A5465369-A2AE-4B51-81D6-6B5A3928A949}.Debug|x86.ActiveCfg = Debug|Any CPU
		{A5465369-A2AE-4B51-81D6-6B5A3928A949}.Debug|x86.Build.0 = Debug|Any CPU
		{A5465369-A2AE-4B51-81D6-6B5A3928A949}.Release|Any CPU.ActiveCfg = Release|Any CPU
		{A5465369-A2AE-4B51-81D6-6B5A3928A949}.Release|Any CPU.Build.0 = Release|Any CPU
		{A5465369-A2AE-4B51-81D6-6B5A3928A949}.Release|x64.ActiveCfg = Release|Any CPU
		{A5465369-A2AE-4B51-81D6-6B5A3928A949}.Release|x64.Build.0 = Release|Any CPU
		{A5465369-A2AE-4B51-81D6-6B5A3928A949}.Release|x86.ActiveCfg = Release|Any CPU
		{A5465369-A2AE-4B51-81D6-6B5A3928A949}.Release|x86.Build.0 = Release|Any CPU
	EndGlobalSection
EndGlobal
